
Microsoft Visual Studio Solution File, Format Version 12.00
# Visual Studio 15
VisualStudioVersion = 15.0.28307.136
MinimumVisualStudioVersion = 10.0.40219.1
Project("{FAE04EC0-301F-11D3-BF4B-00C04F79EFBC}") = "UkrNetTests", "UkrNetTests\UkrNetTests.csproj", "{2182EC0B-146F-4C32-BEE6-3A7A77304925}"
EndProject
Project("{FAE04EC0-301F-11D3-BF4B-00C04F79EFBC}") = "RozetkaTests", "RozetkaTests\RozetkaTests.csproj", "{9EB32A13-9D0E-455B-9B66-ED4D1B24CE2E}"
EndProject
Global
	GlobalSection(SolutionConfigurationPlatforms) = preSolution
		Debug|Any CPU = Debug|Any CPU
		Release|Any CPU = Release|Any CPU
	EndGlobalSection
	GlobalSection(ProjectConfigurationPlatforms) = postSolution
		{2182EC0B-146F-4C32-BEE6-3A7A77304925}.Debug|Any CPU.ActiveCfg = Debug|Any CPU
		{2182EC0B-146F-4C32-BEE6-3A7A77304925}.Debug|Any CPU.Build.0 = Debug|Any CPU
		{2182EC0B-146F-4C32-BEE6-3A7A77304925}.Release|Any CPU.ActiveCfg = Release|Any CPU
		{2182EC0B-146F-4C32-BEE6-3A7A77304925}.Release|Any CPU.Build.0 = Release|Any CPU
		{9EB32A13-9D0E-455B-9B66-ED4D1B24CE2E}.Debug|Any CPU.ActiveCfg = Debug|Any CPU
		{9EB32A13-9D0E-455B-9B66-ED4D1B24CE2E}.Debug|Any CPU.Build.0 = Debug|Any CPU
		{9EB32A13-9D0E-455B-9B66-ED4D1B24CE2E}.Release|Any CPU.ActiveCfg = Release|Any CPU
		{9EB32A13-9D0E-455B-9B66-ED4D1B24CE2E}.Release|Any CPU.Build.0 = Release|Any CPU
	EndGlobalSection
	GlobalSection(SolutionProperties) = preSolution
		HideSolutionNode = FALSE
	EndGlobalSection
	GlobalSection(ExtensibilityGlobals) = postSolution
		SolutionGuid = {6251D662-1C23-44BF-9DBA-D84BCAF889DB}
	EndGlobalSection
EndGlobal
